{
    "version": 3,
    "terraform_version": "0.11.13",
    "serial": 14,
    "lineage": "9d5e68ee-8fd9-fa29-0825-548f48fa8445",
    "modules": [
        {
            "path": [
                "root"
            ],
            "outputs": {
                "ELB": {
                    "sensitive": false,
                    "type": "string",
                    "value": "my-elb-559542447.us-east-1.elb.amazonaws.com"
                }
            },
            "resources": {
                "aws_elb.my-elb": {
                    "type": "aws_elb",
                    "depends_on": [
                        "aws_security_group.elb-securitygroup",
                        "aws_subnet.main-public-1",
                        "aws_subnet.main-public-2"
                    ],
                    "primary": {
                        "id": "my-elb",
                        "attributes": {
                            "access_logs.#": "0",
                            "arn": "arn:aws:elasticloadbalancing:us-east-1:833082593100:loadbalancer/my-elb",
                            "availability_zones.#": "2",
                            "availability_zones.1305112097": "us-east-1b",
                            "availability_zones.3569565595": "us-east-1a",
                            "connection_draining": "true",
                            "connection_draining_timeout": "400",
                            "cross_zone_load_balancing": "true",
                            "dns_name": "my-elb-559542447.us-east-1.elb.amazonaws.com",
                            "health_check.#": "1",
                            "health_check.0.healthy_threshold": "2",
                            "health_check.0.interval": "30",
                            "health_check.0.target": "HTTP:80/",
                            "health_check.0.timeout": "3",
                            "health_check.0.unhealthy_threshold": "2",
                            "id": "my-elb",
                            "idle_timeout": "60",
                            "instances.#": "0",
                            "internal": "false",
                            "listener.#": "1",
                            "listener.3057123346.instance_port": "80",
                            "listener.3057123346.instance_protocol": "http",
                            "listener.3057123346.lb_port": "80",
                            "listener.3057123346.lb_protocol": "http",
                            "listener.3057123346.ssl_certificate_id": "",
                            "name": "my-elb",
                            "security_groups.#": "1",
                            "security_groups.1485900358": "sg-00aca5498363af4c8",
                            "source_security_group": "833082593100/elb",
                            "source_security_group_id": "sg-00aca5498363af4c8",
                            "subnets.#": "2",
                            "subnets.3760746504": "subnet-065db323f1aef216a",
                            "subnets.3782615166": "subnet-03ce962bf0f0bb374",
                            "tags.%": "1",
                            "tags.Name": "my-elb",
                            "zone_id": "Z35SXDOTRQ7X7K"
                        },
                        "meta": {},
                        "tainted": false
                    },
                    "deposed": [],
                    "provider": "provider.aws"
                },
                "aws_instance.example": {
                    "type": "aws_instance",
                    "depends_on": [
                        "aws_key_pair.mykey"
                    ],
                    "primary": {
                        "id": "i-0660922b4238cd6d8",
                        "attributes": {
                            "ami": "ami-2757f631",
                            "arn": "arn:aws:ec2:us-east-1:833082593100:instance/i-0660922b4238cd6d8",
                            "associate_public_ip_address": "true",
                            "availability_zone": "us-east-1b",
                            "cpu_core_count": "1",
                            "cpu_threads_per_core": "1",
                            "credit_specification.#": "1",
                            "credit_specification.0.cpu_credits": "standard",
                            "disable_api_termination": "false",
                            "ebs_block_device.#": "0",
                            "ebs_optimized": "false",
                            "ephemeral_block_device.#": "0",
                            "get_password_data": "false",
                            "iam_instance_profile": "",
                            "id": "i-0660922b4238cd6d8",
                            "instance_state": "running",
                            "instance_type": "t2.micro",
                            "ipv6_addresses.#": "0",
                            "key_name": "mykey",
                            "monitoring": "false",
                            "network_interface.#": "0",
                            "password_data": "",
                            "placement_group": "",
                            "primary_network_interface_id": "eni-02e59c38524b88d4e",
                            "private_dns": "ip-172-31-95-152.ec2.internal",
                            "private_ip": "172.31.95.152",
                            "public_dns": "ec2-3-92-208-14.compute-1.amazonaws.com",
                            "public_ip": "3.92.208.14",
                            "root_block_device.#": "1",
                            "root_block_device.0.delete_on_termination": "true",
                            "root_block_device.0.iops": "100",
                            "root_block_device.0.volume_id": "vol-024c6f558fe054760",
                            "root_block_device.0.volume_size": "8",
                            "root_block_device.0.volume_type": "gp2",
                            "security_groups.#": "1",
                            "security_groups.3814588639": "default",
                            "source_dest_check": "true",
                            "subnet_id": "subnet-91036bbf",
                            "tags.%": "0",
                            "tenancy": "default",
                            "volume_tags.%": "0",
                            "vpc_security_group_ids.#": "1",
                            "vpc_security_group_ids.4043690546": "sg-130bd057"
                        },
                        "meta": {
                            "e2bfb730-ecaa-11e6-8f88-34363bc7c4c0": {
                                "create": 600000000000,
                                "delete": 1200000000000,
                                "update": 600000000000
                            },
                            "schema_version": "1"
                        },
                        "tainted": false
                    },
                    "deposed": [],
                    "provider": "provider.aws"
                },
                "aws_internet_gateway.main-gw": {
                    "type": "aws_internet_gateway",
                    "depends_on": [
                        "aws_vpc.main"
                    ],
                    "primary": {
                        "id": "igw-0de31fc69d95e61e5",
                        "attributes": {
                            "id": "igw-0de31fc69d95e61e5",
                            "owner_id": "833082593100",
                            "tags.%": "1",
                            "tags.Name": "main",
                            "vpc_id": "vpc-04624a75694563ba7"
                        },
                        "meta": {},
                        "tainted": false
                    },
                    "deposed": [],
                    "provider": "provider.aws"
                },
                "aws_key_pair.mykey": {
                    "type": "aws_key_pair",
                    "depends_on": [],
                    "primary": {
                        "id": "mykey",
                        "attributes": {
                            "fingerprint": "90:0d:92:a5:f6:3d:7f:51:02:99:29:f9:6e:3e:04:52",
                            "id": "mykey",
                            "key_name": "mykey",
                            "public_key": "ssh-rsa AAAAB3NzaC1yc2EAAAADAQABAAABAQC5PS2UrNzb59WDIjU5wtzY17oT7zQbO6jNLpT+7SQe9yLV086nc70QmmNUMJ1IQjgOiSwEGYUJe7mXHx+/qup/G8ZuCK//3PgHMM55MtYYGcx9ffWmAcaKZWqsuoZtnoHHmbIKo8adusSobvoWfIfQhOrFtT3cEb8AOqmYJZAE7UlcnbOrqCc5ss5o3HMoo9IaOttvSyrikNYTxXwLDoIA5StoRQStBAgM62OhbzBJSF9ddedgbaLg3kVxQymOGOu7jathYd7Sy+/uEd9/kPyUDthMnzIdJo67HHPkl6Q9PdMDIFyiTkRe6KOAQJKgA8+RQpFhxZosUXR8WVfSAHZd samishken@samuels-MBP.home"
                        },
                        "meta": {
                            "schema_version": "1"
                        },
                        "tainted": false
                    },
                    "deposed": [],
                    "provider": "provider.aws"
                },
                "aws_key_pair.mykeypair": {
                    "type": "aws_key_pair",
                    "depends_on": [],
                    "primary": {
                        "id": "mykeypair",
                        "attributes": {
                            "fingerprint": "90:0d:92:a5:f6:3d:7f:51:02:99:29:f9:6e:3e:04:52",
                            "id": "mykeypair",
                            "key_name": "mykeypair",
                            "public_key": "ssh-rsa AAAAB3NzaC1yc2EAAAADAQABAAABAQC5PS2UrNzb59WDIjU5wtzY17oT7zQbO6jNLpT+7SQe9yLV086nc70QmmNUMJ1IQjgOiSwEGYUJe7mXHx+/qup/G8ZuCK//3PgHMM55MtYYGcx9ffWmAcaKZWqsuoZtnoHHmbIKo8adusSobvoWfIfQhOrFtT3cEb8AOqmYJZAE7UlcnbOrqCc5ss5o3HMoo9IaOttvSyrikNYTxXwLDoIA5StoRQStBAgM62OhbzBJSF9ddedgbaLg3kVxQymOGOu7jathYd7Sy+/uEd9/kPyUDthMnzIdJo67HHPkl6Q9PdMDIFyiTkRe6KOAQJKgA8+RQpFhxZosUXR8WVfSAHZd samishken@samuels-MBP.home"
                        },
                        "meta": {
                            "schema_version": "1"
                        },
                        "tainted": false
                    },
                    "deposed": [],
                    "provider": "provider.aws"
                },
                "aws_route_table.main-public": {
                    "type": "aws_route_table",
                    "depends_on": [
                        "aws_internet_gateway.main-gw",
                        "aws_vpc.main"
                    ],
                    "primary": {
                        "id": "rtb-0ac4ec195b08a4110",
                        "attributes": {
                            "id": "rtb-0ac4ec195b08a4110",
                            "owner_id": "833082593100",
                            "propagating_vgws.#": "0",
                            "route.#": "1",
                            "route.2842003606.cidr_block": "0.0.0.0/0",
                            "route.2842003606.egress_only_gateway_id": "",
                            "route.2842003606.gateway_id": "igw-0de31fc69d95e61e5",
                            "route.2842003606.instance_id": "",
                            "route.2842003606.ipv6_cidr_block": "",
                            "route.2842003606.nat_gateway_id": "",
                            "route.2842003606.network_interface_id": "",
                            "route.2842003606.transit_gateway_id": "",
                            "route.2842003606.vpc_peering_connection_id": "",
                            "tags.%": "1",
                            "tags.Name": "main-public-1",
                            "vpc_id": "vpc-04624a75694563ba7"
                        },
                        "meta": {},
                        "tainted": false
                    },
                    "deposed": [],
                    "provider": "provider.aws"
                },
                "aws_route_table_association.main-public-1-a": {
                    "type": "aws_route_table_association",
                    "depends_on": [
                        "aws_route_table.main-public",
                        "aws_subnet.main-public-1"
                    ],
                    "primary": {
                        "id": "rtbassoc-092fa86a17531e37a",
                        "attributes": {
                            "id": "rtbassoc-092fa86a17531e37a",
                            "route_table_id": "rtb-0ac4ec195b08a4110",
                            "subnet_id": "subnet-03ce962bf0f0bb374"
                        },
                        "meta": {},
                        "tainted": false
                    },
                    "deposed": [],
                    "provider": "provider.aws"
                },
                "aws_route_table_association.main-public-2-a": {
                    "type": "aws_route_table_association",
                    "depends_on": [
                        "aws_route_table.main-public",
                        "aws_subnet.main-public-2"
                    ],
                    "primary": {
                        "id": "rtbassoc-005e0e0e0c61bafc5",
                        "attributes": {
                            "id": "rtbassoc-005e0e0e0c61bafc5",
                            "route_table_id": "rtb-0ac4ec195b08a4110",
                            "subnet_id": "subnet-065db323f1aef216a"
                        },
                        "meta": {},
                        "tainted": false
                    },
                    "deposed": [],
                    "provider": "provider.aws"
                },
                "aws_route_table_association.main-public-3-a": {
                    "type": "aws_route_table_association",
                    "depends_on": [
                        "aws_route_table.main-public",
                        "aws_subnet.main-public-3"
                    ],
                    "primary": {
                        "id": "rtbassoc-04ee51ab79b05bf00",
                        "attributes": {
                            "id": "rtbassoc-04ee51ab79b05bf00",
                            "route_table_id": "rtb-0ac4ec195b08a4110",
                            "subnet_id": "subnet-02931188603365ffa"
                        },
                        "meta": {},
                        "tainted": false
                    },
                    "deposed": [],
                    "provider": "provider.aws"
                },
                "aws_route_table_association.main-public-4-a": {
                    "type": "aws_route_table_association",
                    "depends_on": [
                        "aws_route_table.main-public",
                        "aws_subnet.main-public-4"
                    ],
                    "primary": {
                        "id": "rtbassoc-0b4a0ca7b6f720e3d",
                        "attributes": {
                            "id": "rtbassoc-0b4a0ca7b6f720e3d",
                            "route_table_id": "rtb-0ac4ec195b08a4110",
                            "subnet_id": "subnet-00053e9696adbe8e2"
                        },
                        "meta": {},
                        "tainted": false
                    },
                    "deposed": [],
                    "provider": "provider.aws"
                },
                "aws_route_table_association.main-public-5-a": {
                    "type": "aws_route_table_association",
                    "depends_on": [
                        "aws_route_table.main-public",
                        "aws_subnet.main-public-5"
                    ],
                    "primary": {
                        "id": "rtbassoc-0b5bc7536b59e9464",
                        "attributes": {
                            "id": "rtbassoc-0b5bc7536b59e9464",
                            "route_table_id": "rtb-0ac4ec195b08a4110",
                            "subnet_id": "subnet-0579c5c8ebbf30ab8"
                        },
                        "meta": {},
                        "tainted": false
                    },
                    "deposed": [],
                    "provider": "provider.aws"
                },
                "aws_route_table_association.main-public-6-a": {
                    "type": "aws_route_table_association",
                    "depends_on": [
                        "aws_route_table.main-public",
                        "aws_subnet.main-public-6"
                    ],
                    "primary": {
                        "id": "rtbassoc-010fe8b0e9371cb63",
                        "attributes": {
                            "id": "rtbassoc-010fe8b0e9371cb63",
                            "route_table_id": "rtb-0ac4ec195b08a4110",
                            "subnet_id": "subnet-0e9aef9a80346327b"
                        },
                        "meta": {},
                        "tainted": false
                    },
                    "deposed": [],
                    "provider": "provider.aws"
                },
                "aws_security_group.elb-securitygroup": {
                    "type": "aws_security_group",
                    "depends_on": [
                        "aws_vpc.main"
                    ],
                    "primary": {
                        "id": "sg-00aca5498363af4c8",
                        "attributes": {
                            "arn": "arn:aws:ec2:us-east-1:833082593100:security-group/sg-00aca5498363af4c8",
                            "description": "security group for load balancer",
                            "egress.#": "1",
                            "egress.482069346.cidr_blocks.#": "1",
                            "egress.482069346.cidr_blocks.0": "0.0.0.0/0",
                            "egress.482069346.description": "",
                            "egress.482069346.from_port": "0",
                            "egress.482069346.ipv6_cidr_blocks.#": "0",
                            "egress.482069346.prefix_list_ids.#": "0",
                            "egress.482069346.protocol": "-1",
                            "egress.482069346.security_groups.#": "0",
                            "egress.482069346.self": "false",
                            "egress.482069346.to_port": "0",
                            "id": "sg-00aca5498363af4c8",
                            "ingress.#": "1",
                            "ingress.2214680975.cidr_blocks.#": "1",
                            "ingress.2214680975.cidr_blocks.0": "0.0.0.0/0",
                            "ingress.2214680975.description": "",
                            "ingress.2214680975.from_port": "80",
                            "ingress.2214680975.ipv6_cidr_blocks.#": "0",
                            "ingress.2214680975.prefix_list_ids.#": "0",
                            "ingress.2214680975.protocol": "tcp",
                            "ingress.2214680975.security_groups.#": "0",
                            "ingress.2214680975.self": "false",
                            "ingress.2214680975.to_port": "80",
                            "name": "elb",
                            "owner_id": "833082593100",
                            "revoke_rules_on_delete": "false",
                            "tags.%": "1",
                            "tags.Name": "elb",
                            "vpc_id": "vpc-04624a75694563ba7"
                        },
                        "meta": {
                            "e2bfb730-ecaa-11e6-8f88-34363bc7c4c0": {
                                "create": 600000000000,
                                "delete": 600000000000
                            },
                            "schema_version": "1"
                        },
                        "tainted": false
                    },
                    "deposed": [],
                    "provider": "provider.aws"
                },
                "aws_security_group.myinstance": {
                    "type": "aws_security_group",
                    "depends_on": [
                        "aws_security_group.elb-securitygroup",
                        "aws_vpc.main"
                    ],
                    "primary": {
                        "id": "sg-0ffc8d0385e7d2766",
                        "attributes": {
                            "arn": "arn:aws:ec2:us-east-1:833082593100:security-group/sg-0ffc8d0385e7d2766",
                            "description": "security group for my instance",
                            "egress.#": "1",
                            "egress.482069346.cidr_blocks.#": "1",
                            "egress.482069346.cidr_blocks.0": "0.0.0.0/0",
                            "egress.482069346.description": "",
                            "egress.482069346.from_port": "0",
                            "egress.482069346.ipv6_cidr_blocks.#": "0",
                            "egress.482069346.prefix_list_ids.#": "0",
                            "egress.482069346.protocol": "-1",
                            "egress.482069346.security_groups.#": "0",
                            "egress.482069346.self": "false",
                            "egress.482069346.to_port": "0",
                            "id": "sg-0ffc8d0385e7d2766",
                            "ingress.#": "2",
                            "ingress.2541437006.cidr_blocks.#": "1",
                            "ingress.2541437006.cidr_blocks.0": "0.0.0.0/0",
                            "ingress.2541437006.description": "",
                            "ingress.2541437006.from_port": "22",
                            "ingress.2541437006.ipv6_cidr_blocks.#": "0",
                            "ingress.2541437006.prefix_list_ids.#": "0",
                            "ingress.2541437006.protocol": "tcp",
                            "ingress.2541437006.security_groups.#": "0",
                            "ingress.2541437006.self": "false",
                            "ingress.2541437006.to_port": "22",
                            "ingress.902952672.cidr_blocks.#": "0",
                            "ingress.902952672.description": "",
                            "ingress.902952672.from_port": "80",
                            "ingress.902952672.ipv6_cidr_blocks.#": "0",
                            "ingress.902952672.prefix_list_ids.#": "0",
                            "ingress.902952672.protocol": "tcp",
                            "ingress.902952672.security_groups.#": "1",
                            "ingress.902952672.security_groups.1485900358": "sg-00aca5498363af4c8",
                            "ingress.902952672.self": "false",
                            "ingress.902952672.to_port": "80",
                            "name": "myinstance",
                            "owner_id": "833082593100",
                            "revoke_rules_on_delete": "false",
                            "tags.%": "1",
                            "tags.Name": "myinstance",
                            "vpc_id": "vpc-04624a75694563ba7"
                        },
                        "meta": {
                            "e2bfb730-ecaa-11e6-8f88-34363bc7c4c0": {
                                "create": 600000000000,
                                "delete": 600000000000
                            },
                            "schema_version": "1"
                        },
                        "tainted": false
                    },
                    "deposed": [],
                    "provider": "provider.aws"
                },
                "aws_subnet.main-private-1": {
                    "type": "aws_subnet",
                    "depends_on": [
                        "aws_vpc.main"
                    ],
                    "primary": {
                        "id": "subnet-0e6383176453023a4",
                        "attributes": {
                            "arn": "arn:aws:ec2:us-east-1:833082593100:subnet/subnet-0e6383176453023a4",
                            "assign_ipv6_address_on_creation": "false",
                            "availability_zone": "us-east-1a",
                            "availability_zone_id": "use1-az1",
                            "cidr_block": "10.0.7.0/24",
                            "id": "subnet-0e6383176453023a4",
                            "ipv6_cidr_block": "",
                            "ipv6_cidr_block_association_id": "",
                            "map_public_ip_on_launch": "false",
                            "owner_id": "833082593100",
                            "tags.%": "1",
                            "tags.Name": "main-private-1",
                            "vpc_id": "vpc-04624a75694563ba7"
                        },
                        "meta": {
                            "e2bfb730-ecaa-11e6-8f88-34363bc7c4c0": {
                                "create": 600000000000,
                                "delete": 600000000000
                            },
                            "schema_version": "1"
                        },
                        "tainted": false
                    },
                    "deposed": [],
                    "provider": "provider.aws"
                },
                "aws_subnet.main-private-2": {
                    "type": "aws_subnet",
                    "depends_on": [
                        "aws_vpc.main"
                    ],
                    "primary": {
                        "id": "subnet-0d96dca843426b90c",
                        "attributes": {
                            "arn": "arn:aws:ec2:us-east-1:833082593100:subnet/subnet-0d96dca843426b90c",
                            "assign_ipv6_address_on_creation": "false",
                            "availability_zone": "us-east-1b",
                            "availability_zone_id": "use1-az2",
                            "cidr_block": "10.0.8.0/24",
                            "id": "subnet-0d96dca843426b90c",
                            "ipv6_cidr_block": "",
                            "ipv6_cidr_block_association_id": "",
                            "map_public_ip_on_launch": "false",
                            "owner_id": "833082593100",
                            "tags.%": "1",
                            "tags.Name": "main-private-2",
                            "vpc_id": "vpc-04624a75694563ba7"
                        },
                        "meta": {
                            "e2bfb730-ecaa-11e6-8f88-34363bc7c4c0": {
                                "create": 600000000000,
                                "delete": 600000000000
                            },
                            "schema_version": "1"
                        },
                        "tainted": false
                    },
                    "deposed": [],
                    "provider": "provider.aws"
                },
                "aws_subnet.main-private-3": {
                    "type": "aws_subnet",
                    "depends_on": [
                        "aws_vpc.main"
                    ],
                    "primary": {
                        "id": "subnet-03b761ee983521bd0",
                        "attributes": {
                            "arn": "arn:aws:ec2:us-east-1:833082593100:subnet/subnet-03b761ee983521bd0",
                            "assign_ipv6_address_on_creation": "false",
                            "availability_zone": "us-east-1c",
                            "availability_zone_id": "use1-az4",
                            "cidr_block": "10.0.9.0/24",
                            "id": "subnet-03b761ee983521bd0",
                            "ipv6_cidr_block": "",
                            "ipv6_cidr_block_association_id": "",
                            "map_public_ip_on_launch": "false",
                            "owner_id": "833082593100",
                            "tags.%": "1",
                            "tags.Name": "main-private-3",
                            "vpc_id": "vpc-04624a75694563ba7"
                        },
                        "meta": {
                            "e2bfb730-ecaa-11e6-8f88-34363bc7c4c0": {
                                "create": 600000000000,
                                "delete": 600000000000
                            },
                            "schema_version": "1"
                        },
                        "tainted": false
                    },
                    "deposed": [],
                    "provider": "provider.aws"
                },
                "aws_subnet.main-private-4": {
                    "type": "aws_subnet",
                    "depends_on": [
                        "aws_vpc.main"
                    ],
                    "primary": {
                        "id": "subnet-097b989d97e05373e",
                        "attributes": {
                            "arn": "arn:aws:ec2:us-east-1:833082593100:subnet/subnet-097b989d97e05373e",
                            "assign_ipv6_address_on_creation": "false",
                            "availability_zone": "us-east-1d",
                            "availability_zone_id": "use1-az6",
                            "cidr_block": "10.0.10.0/24",
                            "id": "subnet-097b989d97e05373e",
                            "ipv6_cidr_block": "",
                            "ipv6_cidr_block_association_id": "",
                            "map_public_ip_on_launch": "false",
                            "owner_id": "833082593100",
                            "tags.%": "1",
                            "tags.Name": "main-private-4",
                            "vpc_id": "vpc-04624a75694563ba7"
                        },
                        "meta": {
                            "e2bfb730-ecaa-11e6-8f88-34363bc7c4c0": {
                                "create": 600000000000,
                                "delete": 600000000000
                            },
                            "schema_version": "1"
                        },
                        "tainted": false
                    },
                    "deposed": [],
                    "provider": "provider.aws"
                },
                "aws_subnet.main-private-5": {
                    "type": "aws_subnet",
                    "depends_on": [
                        "aws_vpc.main"
                    ],
                    "primary": {
                        "id": "subnet-0e614577e352e6497",
                        "attributes": {
                            "arn": "arn:aws:ec2:us-east-1:833082593100:subnet/subnet-0e614577e352e6497",
                            "assign_ipv6_address_on_creation": "false",
                            "availability_zone": "us-east-1e",
                            "availability_zone_id": "use1-az3",
                            "cidr_block": "10.0.11.0/24",
                            "id": "subnet-0e614577e352e6497",
                            "ipv6_cidr_block": "",
                            "ipv6_cidr_block_association_id": "",
                            "map_public_ip_on_launch": "false",
                            "owner_id": "833082593100",
                            "tags.%": "1",
                            "tags.Name": "main-private-5",
                            "vpc_id": "vpc-04624a75694563ba7"
                        },
                        "meta": {
                            "e2bfb730-ecaa-11e6-8f88-34363bc7c4c0": {
                                "create": 600000000000,
                                "delete": 600000000000
                            },
                            "schema_version": "1"
                        },
                        "tainted": false
                    },
                    "deposed": [],
                    "provider": "provider.aws"
                },
                "aws_subnet.main-private-6": {
                    "type": "aws_subnet",
                    "depends_on": [
                        "aws_vpc.main"
                    ],
                    "primary": {
                        "id": "subnet-0d6a22b0c6a0bf524",
                        "attributes": {
                            "arn": "arn:aws:ec2:us-east-1:833082593100:subnet/subnet-0d6a22b0c6a0bf524",
                            "assign_ipv6_address_on_creation": "false",
                            "availability_zone": "us-east-1f",
                            "availability_zone_id": "use1-az5",
                            "cidr_block": "10.0.12.0/24",
                            "id": "subnet-0d6a22b0c6a0bf524",
                            "ipv6_cidr_block": "",
                            "ipv6_cidr_block_association_id": "",
                            "map_public_ip_on_launch": "false",
                            "owner_id": "833082593100",
                            "tags.%": "1",
                            "tags.Name": "main-private-6",
                            "vpc_id": "vpc-04624a75694563ba7"
                        },
                        "meta": {
                            "e2bfb730-ecaa-11e6-8f88-34363bc7c4c0": {
                                "create": 600000000000,
                                "delete": 600000000000
                            },
                            "schema_version": "1"
                        },
                        "tainted": false
                    },
                    "deposed": [],
                    "provider": "provider.aws"
                },
                "aws_subnet.main-public-1": {
                    "type": "aws_subnet",
                    "depends_on": [
                        "aws_vpc.main"
                    ],
                    "primary": {
                        "id": "subnet-03ce962bf0f0bb374",
                        "attributes": {
                            "arn": "arn:aws:ec2:us-east-1:833082593100:subnet/subnet-03ce962bf0f0bb374",
                            "assign_ipv6_address_on_creation": "false",
                            "availability_zone": "us-east-1a",
                            "availability_zone_id": "use1-az1",
                            "cidr_block": "10.0.1.0/24",
                            "id": "subnet-03ce962bf0f0bb374",
                            "ipv6_cidr_block": "",
                            "ipv6_cidr_block_association_id": "",
                            "map_public_ip_on_launch": "true",
                            "owner_id": "833082593100",
                            "tags.%": "1",
                            "tags.Name": "main-public-1",
                            "vpc_id": "vpc-04624a75694563ba7"
                        },
                        "meta": {
                            "e2bfb730-ecaa-11e6-8f88-34363bc7c4c0": {
                                "create": 600000000000,
                                "delete": 600000000000
                            },
                            "schema_version": "1"
                        },
                        "tainted": false
                    },
                    "deposed": [],
                    "provider": "provider.aws"
                },
                "aws_subnet.main-public-2": {
                    "type": "aws_subnet",
                    "depends_on": [
                        "aws_vpc.main"
                    ],
                    "primary": {
                        "id": "subnet-065db323f1aef216a",
                        "attributes": {
                            "arn": "arn:aws:ec2:us-east-1:833082593100:subnet/subnet-065db323f1aef216a",
                            "assign_ipv6_address_on_creation": "false",
                            "availability_zone": "us-east-1b",
                            "availability_zone_id": "use1-az2",
                            "cidr_block": "10.0.2.0/24",
                            "id": "subnet-065db323f1aef216a",
                            "ipv6_cidr_block": "",
                            "ipv6_cidr_block_association_id": "",
                            "map_public_ip_on_launch": "true",
                            "owner_id": "833082593100",
                            "tags.%": "1",
                            "tags.Name": "main-public-2",
                            "vpc_id": "vpc-04624a75694563ba7"
                        },
                        "meta": {
                            "e2bfb730-ecaa-11e6-8f88-34363bc7c4c0": {
                                "create": 600000000000,
                                "delete": 600000000000
                            },
                            "schema_version": "1"
                        },
                        "tainted": false
                    },
                    "deposed": [],
                    "provider": "provider.aws"
                },
                "aws_subnet.main-public-3": {
                    "type": "aws_subnet",
                    "depends_on": [
                        "aws_vpc.main"
                    ],
                    "primary": {
                        "id": "subnet-02931188603365ffa",
                        "attributes": {
                            "arn": "arn:aws:ec2:us-east-1:833082593100:subnet/subnet-02931188603365ffa",
                            "assign_ipv6_address_on_creation": "false",
                            "availability_zone": "us-east-1c",
                            "availability_zone_id": "use1-az4",
                            "cidr_block": "10.0.3.0/24",
                            "id": "subnet-02931188603365ffa",
                            "ipv6_cidr_block": "",
                            "ipv6_cidr_block_association_id": "",
                            "map_public_ip_on_launch": "true",
                            "owner_id": "833082593100",
                            "tags.%": "1",
                            "tags.Name": "main-public-3",
                            "vpc_id": "vpc-04624a75694563ba7"
                        },
                        "meta": {
                            "e2bfb730-ecaa-11e6-8f88-34363bc7c4c0": {
                                "create": 600000000000,
                                "delete": 600000000000
                            },
                            "schema_version": "1"
                        },
                        "tainted": false
                    },
                    "deposed": [],
                    "provider": "provider.aws"
                },
                "aws_subnet.main-public-4": {
                    "type": "aws_subnet",
                    "depends_on": [
                        "aws_vpc.main"
                    ],
                    "primary": {
                        "id": "subnet-00053e9696adbe8e2",
                        "attributes": {
                            "arn": "arn:aws:ec2:us-east-1:833082593100:subnet/subnet-00053e9696adbe8e2",
                            "assign_ipv6_address_on_creation": "false",
                            "availability_zone": "us-east-1d",
                            "availability_zone_id": "use1-az6",
                            "cidr_block": "10.0.4.0/24",
                            "id": "subnet-00053e9696adbe8e2",
                            "ipv6_cidr_block": "",
                            "ipv6_cidr_block_association_id": "",
                            "map_public_ip_on_launch": "true",
                            "owner_id": "833082593100",
                            "tags.%": "1",
                            "tags.Name": "main-public-4",
                            "vpc_id": "vpc-04624a75694563ba7"
                        },
                        "meta": {
                            "e2bfb730-ecaa-11e6-8f88-34363bc7c4c0": {
                                "create": 600000000000,
                                "delete": 600000000000
                            },
                            "schema_version": "1"
                        },
                        "tainted": false
                    },
                    "deposed": [],
                    "provider": "provider.aws"
                },
                "aws_subnet.main-public-5": {
                    "type": "aws_subnet",
                    "depends_on": [
                        "aws_vpc.main"
                    ],
                    "primary": {
                        "id": "subnet-0579c5c8ebbf30ab8",
                        "attributes": {
                            "arn": "arn:aws:ec2:us-east-1:833082593100:subnet/subnet-0579c5c8ebbf30ab8",
                            "assign_ipv6_address_on_creation": "false",
                            "availability_zone": "us-east-1e",
                            "availability_zone_id": "use1-az3",
                            "cidr_block": "10.0.5.0/24",
                            "id": "subnet-0579c5c8ebbf30ab8",
                            "ipv6_cidr_block": "",
                            "ipv6_cidr_block_association_id": "",
                            "map_public_ip_on_launch": "true",
                            "owner_id": "833082593100",
                            "tags.%": "1",
                            "tags.Name": "main-public-5",
                            "vpc_id": "vpc-04624a75694563ba7"
                        },
                        "meta": {
                            "e2bfb730-ecaa-11e6-8f88-34363bc7c4c0": {
                                "create": 600000000000,
                                "delete": 600000000000
                            },
                            "schema_version": "1"
                        },
                        "tainted": false
                    },
                    "deposed": [],
                    "provider": "provider.aws"
                },
                "aws_subnet.main-public-6": {
                    "type": "aws_subnet",
                    "depends_on": [
                        "aws_vpc.main"
                    ],
                    "primary": {
                        "id": "subnet-0e9aef9a80346327b",
                        "attributes": {
                            "arn": "arn:aws:ec2:us-east-1:833082593100:subnet/subnet-0e9aef9a80346327b",
                            "assign_ipv6_address_on_creation": "false",
                            "availability_zone": "us-east-1f",
                            "availability_zone_id": "use1-az5",
                            "cidr_block": "10.0.6.0/24",
                            "id": "subnet-0e9aef9a80346327b",
                            "ipv6_cidr_block": "",
                            "ipv6_cidr_block_association_id": "",
                            "map_public_ip_on_launch": "true",
                            "owner_id": "833082593100",
                            "tags.%": "1",
                            "tags.Name": "main-public-6",
                            "vpc_id": "vpc-04624a75694563ba7"
                        },
                        "meta": {
                            "e2bfb730-ecaa-11e6-8f88-34363bc7c4c0": {
                                "create": 600000000000,
                                "delete": 600000000000
                            },
                            "schema_version": "1"
                        },
                        "tainted": false
                    },
                    "deposed": [],
                    "provider": "provider.aws"
                },
                "aws_vpc.main": {
                    "type": "aws_vpc",
                    "depends_on": [],
                    "primary": {
                        "id": "vpc-04624a75694563ba7",
                        "attributes": {
                            "arn": "arn:aws:ec2:us-east-1:833082593100:vpc/vpc-04624a75694563ba7",
                            "assign_generated_ipv6_cidr_block": "false",
                            "cidr_block": "10.0.0.0/16",
                            "default_network_acl_id": "acl-07fc553a223f7274c",
                            "default_route_table_id": "rtb-019d7994e00b91363",
                            "default_security_group_id": "sg-00330bb44cd38010c",
                            "dhcp_options_id": "dopt-664b101d",
                            "enable_classiclink": "false",
                            "enable_classiclink_dns_support": "false",
                            "enable_dns_hostnames": "true",
                            "enable_dns_support": "true",
                            "id": "vpc-04624a75694563ba7",
                            "instance_tenancy": "default",
                            "ipv6_association_id": "",
                            "ipv6_cidr_block": "",
                            "main_route_table_id": "rtb-019d7994e00b91363",
                            "owner_id": "833082593100",
                            "tags.%": "1",
                            "tags.Name": "main"
                        },
                        "meta": {
                            "schema_version": "1"
                        },
                        "tainted": false
                    },
                    "deposed": [],
                    "provider": "provider.aws"
                }
            },
            "depends_on": []
        }
    ]
}
